{
  "name": "aws-lambda-http-server",
  "version": "0.0.2",
  "lockfileVersion": 1,
  "requires": true,
  "dependencies": {
    "aws-lambda-create-request-response": {
      "version": "0.0.2",
      "resolved": "https://registry.npmjs.org/aws-lambda-create-request-response/-/aws-lambda-create-request-response-0.0.2.tgz",
      "integrity": "sha512-+X1dA6d2JU/uboZC/OIFd0zHB9A7WFdbt91n3D7W+9D6Klp7mcWjH50QEh8ofkna11oUD8ubDm0EBgjzj2HADw=="
    },
    "in-memory-http-listener": {
      "version": "0.0.1",
      "resolved": "https://registry.npmjs.org/in-memory-http-listener/-/in-memory-http-listener-0.0.1.tgz",
      "integrity": "sha512-Wf/YIxpXLZNrypE3Nxurjpl8PYKavToEI79dxGcAWVJ1j80uWnPUYWZONUadS7eeGt6tfwp6AWOopX+kMRjpwg=="
    }
  }
}
