{
  "name": "aws-lambda-http-server",
  "version": "0.0.1",
  "lockfileVersion": 1,
  "requires": true,
  "dependencies": {
    "aws-lambda-create-request-response": {
      "version": "0.0.1",
      "resolved": "https://registry.npmjs.org/aws-lambda-create-request-response/-/aws-lambda-create-request-response-0.0.1.tgz",
      "integrity": "sha512-LcBqnhxL4fjajGu2HOjKvfl3P06plWj3jbVsbrfmbtVagD+uzQUaJeL2ofWu2hgWWXehGyx4fKHsD8GApdRduA=="
    },
    "in-memory-http-listener": {
      "version": "0.0.1",
      "resolved": "https://registry.npmjs.org/in-memory-http-listener/-/in-memory-http-listener-0.0.1.tgz",
      "integrity": "sha512-Wf/YIxpXLZNrypE3Nxurjpl8PYKavToEI79dxGcAWVJ1j80uWnPUYWZONUadS7eeGt6tfwp6AWOopX+kMRjpwg=="
    }
  }
}
