{
  "name": "aws-lambda-http-server",
  "version": "0.0.5",
  "lockfileVersion": 1,
  "requires": true,
  "dependencies": {
    "aws-lambda-create-request-response": {
      "version": "0.0.3",
      "resolved": "https://registry.npmjs.org/aws-lambda-create-request-response/-/aws-lambda-create-request-response-0.0.3.tgz",
      "integrity": "sha512-60+vdtjeSGG+I8NMr2qaY2MatlKZBcB3SZNzwpESRtQC2GD6aeJWOoj8EFmRDD+rQGvfUmEknJjPHnnHW6gl4g=="
    },
    "in-memory-http-listener": {
      "version": "0.0.1",
      "resolved": "https://registry.npmjs.org/in-memory-http-listener/-/in-memory-http-listener-0.0.1.tgz",
      "integrity": "sha512-Wf/YIxpXLZNrypE3Nxurjpl8PYKavToEI79dxGcAWVJ1j80uWnPUYWZONUadS7eeGt6tfwp6AWOopX+kMRjpwg=="
    }
  }
}
