{
  "name": "aws-lambda-http-server",
  "version": "0.0.27",
  "lockfileVersion": 1,
  "requires": true,
  "dependencies": {
    "aws-lambda-create-request-response": {
      "version": "0.0.27",
      "resolved": "https://registry.npmjs.org/aws-lambda-create-request-response/-/aws-lambda-create-request-response-0.0.27.tgz",
      "integrity": "sha512-PH9vNva9SDZNRyjx8V/orOGoaafukp4RJTPHuKRCBjgWJYpwTu7HyyMvrYsH6c6cOlxJCZjunzXZeBy6TGCE0A=="
    },
    "in-memory-http-listener": {
      "version": "0.0.27",
      "resolved": "https://registry.npmjs.org/in-memory-http-listener/-/in-memory-http-listener-0.0.27.tgz",
      "integrity": "sha512-zNQsXN3nzrOg9LFPzZw921g17BHtm02n+WRLG9f8oEitHSpD3DKW2bu7k9um1q06fza1+F05giAVSkbXgun4Bg=="
    }
  }
}
