{
  "name": "aws-lambda-http-server",
  "version": "0.0.29",
  "lockfileVersion": 1,
  "requires": true,
  "dependencies": {
    "aws-lambda-create-request-response": {
      "version": "0.0.29",
      "resolved": "https://registry.npmjs.org/aws-lambda-create-request-response/-/aws-lambda-create-request-response-0.0.29.tgz",
      "integrity": "sha512-uhc6rnlIp0NSlirur/AyR9MBlX4Jy8gl7AHd+sqtd8anV9ElFWUQN4CymSU4XnK4g2IHxN5yUcuH3Pkt9VFTFQ=="
    },
    "in-memory-http-listener": {
      "version": "0.0.29",
      "resolved": "https://registry.npmjs.org/in-memory-http-listener/-/in-memory-http-listener-0.0.29.tgz",
      "integrity": "sha512-C52qFazY8vTL/daAjI2ngabKOp4mErWMFy1kfKBM+ExZbV6rWyekgBHN1XQc6JoJO3l7ij/9/FNx/OEu6QSEyQ=="
    }
  }
}
