{
  "name": "aws-lambda-http-server",
  "version": "0.0.23",
  "lockfileVersion": 1,
  "requires": true,
  "dependencies": {
    "aws-lambda-create-request-response": {
      "version": "0.0.21",
      "resolved": "https://registry.npmjs.org/aws-lambda-create-request-response/-/aws-lambda-create-request-response-0.0.21.tgz",
      "integrity": "sha512-rBfg0FjtIQMUzsXLQG9jovPzp49UNaMRnYMafxZBX+iLMN/49FWP9BXoTNlRMzQZaIiryLYCr8VRPNz89i64dg=="
    },
    "in-memory-http-listener": {
      "version": "0.0.22",
      "resolved": "https://registry.npmjs.org/in-memory-http-listener/-/in-memory-http-listener-0.0.22.tgz",
      "integrity": "sha512-P5YQw+X6cFfAYFElpBVPxPIqeBuRBQAM/V254/CLXhGYJULmSednvyQ53cJPSvqvtzxSSjB9O/6kthJaz0X+Xg=="
    }
  }
}
